
Microsoft Visual Studio Solution File, Format Version 12.00
# Visual Studio Version 17
VisualStudioVersion = 17.7.34031.279
MinimumVisualStudioVersion = 10.0.40219.1
Project("{8BC9CEB8-8B4A-11D0-8D11-00A0C91BC942}") = "FakeFileSystem", "FakeFileSystem.vcxproj", "{72FAD73F-4C02-4A9B-A16B-D41BBCEB7A92}"
EndProject
Global
	GlobalSection(SolutionConfigurationPlatforms) = preSolution
		Debug|x64 = Debug|x64
		Release|x64 = Release|x64
	EndGlobalSection
	GlobalSection(ProjectConfigurationPlatforms) = postSolution
		{72FAD73F-4C02-4A9B-A16B-D41BBCEB7A92}.Debug|x64.ActiveCfg = Debug|x64
		{72FAD73F-4C02-4A9B-A16B-D41BBCEB7A92}.Debug|x64.Build.0 = Debug|x64
		{72FAD73F-4C02-4A9B-A16B-D41BBCEB7A92}.Release|x64.ActiveCfg = Release|x64
		{72FAD73F-4C02-4A9B-A16B-D41BBCEB7A92}.Release|x64.Build.0 = Release|x64
	EndGlobalSection
	GlobalSection(SolutionProperties) = preSolution
		HideSolutionNode = FALSE
	EndGlobalSection
	GlobalSection(ExtensibilityGlobals) = postSolution
		SolutionGuid = {A45443E1-382D-4550-841A-1D086E66F90D}
	EndGlobalSection
EndGlobal
